Microsoft Visual Studio Solution File, Format Version 12.00
# Visual Studio 2012
Project("{FAE04EC0-301F-11D3-BF4B-00C04F79EFBC}") = "Godot Wild Jam 44", "Godot Wild Jam 44.csproj", "{F5C201D4-7A05-4805-95DE-C8B628E88DAB}"
EndProject
Global
	GlobalSection(SolutionConfigurationPlatforms) = preSolution
	Debug|Any CPU = Debug|Any CPU
	ExportDebug|Any CPU = ExportDebug|Any CPU
	ExportRelease|Any CPU = ExportRelease|Any CPU
	EndGlobalSection
	GlobalSection(ProjectConfigurationPlatforms) = postSolution
		{F5C201D4-7A05-4805-95DE-C8B628E88DAB}.Debug|Any CPU.ActiveCfg = Debug|Any CPU
		{F5C201D4-7A05-4805-95DE-C8B628E88DAB}.Debug|Any CPU.Build.0 = Debug|Any CPU
		{F5C201D4-7A05-4805-95DE-C8B628E88DAB}.ExportDebug|Any CPU.ActiveCfg = ExportDebug|Any CPU
		{F5C201D4-7A05-4805-95DE-C8B628E88DAB}.ExportDebug|Any CPU.Build.0 = ExportDebug|Any CPU
		{F5C201D4-7A05-4805-95DE-C8B628E88DAB}.ExportRelease|Any CPU.ActiveCfg = ExportRelease|Any CPU
		{F5C201D4-7A05-4805-95DE-C8B628E88DAB}.ExportRelease|Any CPU.Build.0 = ExportRelease|Any CPU
	EndGlobalSection
EndGlobal
